Microsoft Visual Studio Solution File, Format Version 11.00
# Visual Studio 2008

Project("{F14EEACF-48F0-9E4E-9E4E-055FDB0C2615}") = "Syringe_Ballroom", "Assembly-CSharp-firstpass-vs.csproj", "{66989ACB-B04A-44C8-54A5-2AB0BAFA26EC}"
EndProject
Project("{F14EEACF-48F0-9E4E-9E4E-055FDB0C2615}") = "Syringe_Ballroom", "Assembly-CSharp-vs.csproj", "{5535EC9B-5939-4745-0661-64FCA5936115}"
EndProject
Project("{F14EEACF-48F0-9E4E-9E4E-055FDB0C2615}") = "Syringe_Ballroom", "Assembly-CSharp-Editor-firstpass-vs.csproj", "{61A3287A-87DA-558F-2660-3447CA063C9C}"
EndProject
Project("{F14EEACF-48F0-9E4E-9E4E-055FDB0C2615}") = "Syringe_Ballroom", "Assembly-CSharp-Editor-vs.csproj", "{3100EE81-A650-65C3-5336-9297145B9089}"
EndProject
Global
	GlobalSection(SolutionConfigurationPlatforms) = preSolution
		Debug|Any CPU = Debug|Any CPU
		Release|Any CPU = Release|Any CPU
	EndGlobalSection
	GlobalSection(ProjectConfigurationPlatforms) = postSolution
		{66989ACB-B04A-44C8-54A5-2AB0BAFA26EC}.Debug|Any CPU.ActiveCfg = Debug|Any CPU
		{66989ACB-B04A-44C8-54A5-2AB0BAFA26EC}.Debug|Any CPU.Build.0 = Debug|Any CPU
		{66989ACB-B04A-44C8-54A5-2AB0BAFA26EC}.Release|Any CPU.ActiveCfg = Release|Any CPU
		{66989ACB-B04A-44C8-54A5-2AB0BAFA26EC}.Release|Any CPU.Build.0 = Release|Any CPU
		{5535EC9B-5939-4745-0661-64FCA5936115}.Debug|Any CPU.ActiveCfg = Debug|Any CPU
		{5535EC9B-5939-4745-0661-64FCA5936115}.Debug|Any CPU.Build.0 = Debug|Any CPU
		{5535EC9B-5939-4745-0661-64FCA5936115}.Release|Any CPU.ActiveCfg = Release|Any CPU
		{5535EC9B-5939-4745-0661-64FCA5936115}.Release|Any CPU.Build.0 = Release|Any CPU
		{61A3287A-87DA-558F-2660-3447CA063C9C}.Debug|Any CPU.ActiveCfg = Debug|Any CPU
		{61A3287A-87DA-558F-2660-3447CA063C9C}.Debug|Any CPU.Build.0 = Debug|Any CPU
		{61A3287A-87DA-558F-2660-3447CA063C9C}.Release|Any CPU.ActiveCfg = Release|Any CPU
		{61A3287A-87DA-558F-2660-3447CA063C9C}.Release|Any CPU.Build.0 = Release|Any CPU
		{3100EE81-A650-65C3-5336-9297145B9089}.Debug|Any CPU.ActiveCfg = Debug|Any CPU
		{3100EE81-A650-65C3-5336-9297145B9089}.Debug|Any CPU.Build.0 = Debug|Any CPU
		{3100EE81-A650-65C3-5336-9297145B9089}.Release|Any CPU.ActiveCfg = Release|Any CPU
		{3100EE81-A650-65C3-5336-9297145B9089}.Release|Any CPU.Build.0 = Release|Any CPU
	EndGlobalSection
	GlobalSection(SolutionProperties) = preSolution
		HideSolutionNode = FALSE
	EndGlobalSection
					GlobalSection(MonoDevelopProperties) = preSolution
		StartupItem = Assembly-CSharp.csproj
		Policies = $0
		$0.TextStylePolicy = $1
		$1.inheritsSet = null
		$1.scope = text/x-csharp
		$0.CSharpFormattingPolicy = $2
		$2.inheritsSet = Mono
		$2.inheritsScope = text/x-csharp
		$2.scope = text/x-csharp
		$0.TextStylePolicy = $3
		$3.FileWidth = 120
		$3.TabWidth = 4
		$3.EolMarker = Unix
		$3.inheritsSet = Mono
		$3.inheritsScope = text/plain
		$3.scope = text/plain
	EndGlobalSection

EndGlobal
